// !$*UTF8*$!
{
	archiveVersion = 1;
	classes = {
	};
	objectVersion = 46;
	objects = {

/* Begin PBXBuildFile section */
		B12C8CD81D33B58400C392B3 /* main.m in Sources */ = {isa = PBXBuildFile; fileRef = B12C8CD71D33B58400C392B3 /* main.m */; };
		B12C8CDB1D33B58400C392B3 /* AppDelegate.m in Sources */ = {isa = PBXBuildFile; fileRef = B12C8CDA1D33B58400C392B3 /* AppDelegate.m */; };
		B12C8CDE1D33B58400C392B3 /* ViewController.m in Sources */ = {isa = PBXBuildFile; fileRef = B12C8CDD1D33B58400C392B3 /* ViewController.m */; };
		B12C8CE11D33B58400C392B3 /* Main.storyboard in Resources */ = {isa = PBXBuildFile; fileRef = B12C8CDF1D33B58400C392B3 /* Main.storyboard */; };
		B12C8CE31D33B58400C392B3 /* Assets.xcassets in Resources */ = {isa = PBXBuildFile; fileRef = B12C8CE21D33B58400C392B3 /* Assets.xcassets */; };
		B12C8CE61D33B58400C392B3 /* LaunchScreen.storyboard in Resources */ = {isa = PBXBuildFile; fileRef = B12C8CE41D33B58400C392B3 /* LaunchScreen.storyboard */; };
		B12C8CF41D33B5BE00C392B3 /* SURefreshHeader.m in Sources */ = {isa = PBXBuildFile; fileRef = B12C8CEF1D33B5BE00C392B3 /* SURefreshHeader.m */; };
		B12C8CF51D33B5BE00C392B3 /* UIScrollView+SURefresh.m in Sources */ = {isa = PBXBuildFile; fileRef = B12C8CF11D33B5BE00C392B3 /* UIScrollView+SURefresh.m */; };
		B12C8CF61D33B5BE00C392B3 /* UIView+SURefresh.m in Sources */ = {isa = PBXBuildFile; fileRef = B12C8CF31D33B5BE00C392B3 /* UIView+SURefresh.m */; };
/* End PBXBuildFile section */

/* Begin PBXFileReference section */
		B12C8CD31D33B58200C392B3 /* SURefreshDemo.app */ = {isa = PBXFileReference; explicitFileType = wrapper.application; includeInIndex = 0; path = SURefreshDemo.app; sourceTree = BUILT_PRODUCTS_DIR; };
		B12C8CD71D33B58400C392B3 /* main.m */ = {isa = PBXFileReference; lastKnownFileType = sourcecode.c.objc; path = main.m; sourceTree = "<group>"; };
		B12C8CD91D33B58400C392B3 /* AppDelegate.h */ = {isa = PBXFileReference; lastKnownFileType = sourcecode.c.h; path = AppDelegate.h; sourceTree = "<group>"; };
		B12C8CDA1D33B58400C392B3 /* AppDelegate.m */ = {isa = PBXFileReference; lastKnownFileType = sourcecode.c.objc; path = AppDelegate.m; sourceTree = "<group>"; };
		B12C8CDC1D33B58400C392B3 /* ViewController.h */ = {isa = PBXFileReference; lastKnownFileType = sourcecode.c.h; path = ViewController.h; sourceTree = "<group>"; };
		B12C8CDD1D33B58400C392B3 /* ViewController.m */ = {isa = PBXFileReference; lastKnownFileType = sourcecode.c.objc; path = ViewController.m; sourceTree = "<group>"; };
		B12C8CE01D33B58400C392B3 /* Base */ = {isa = PBXFileReference; lastKnownFileType = file.storyboard; name = Base; path = Base.lproj/Main.storyboard; sourceTree = "<group>"; };
		B12C8CE21D33B58400C392B3 /* Assets.xcassets */ = {isa = PBXFileReference; lastKnownFileType = folder.assetcatalog; path = Assets.xcassets; sourceTree = "<group>"; };
		B12C8CE51D33B58400C392B3 /* Base */ = {isa = PBXFileReference; lastKnownFileType = file.storyboard; name = Base; path = Base.lproj/LaunchScreen.storyboard; sourceTree = "<group>"; };
		B12C8CE71D33B58400C392B3 /* Info.plist */ = {isa = PBXFileReference; lastKnownFileType = text.plist.xml; path = Info.plist; sourceTree = "<group>"; };
		B12C8CEE1D33B5BE00C392B3 /* SURefreshHeader.h */ = {isa = PBXFileReference; fileEncoding = 4; lastKnownFileType = sourcecode.c.h; path = SURefreshHeader.h; sourceTree = "<group>"; };
		B12C8CEF1D33B5BE00C392B3 /* SURefreshHeader.m */ = {isa = PBXFileReference; fileEncoding = 4; lastKnownFileType = sourcecode.c.objc; path = SURefreshHeader.m; sourceTree = "<group>"; };
		B12C8CF01D33B5BE00C392B3 /* UIScrollView+SURefresh.h */ = {isa = PBXFileReference; fileEncoding = 4; lastKnownFileType = sourcecode.c.h; path = "UIScrollView+SURefresh.h"; sourceTree = "<group>"; };
		B12C8CF11D33B5BE00C392B3 /* UIScrollView+SURefresh.m */ = {isa = PBXFileReference; fileEncoding = 4; lastKnownFileType = sourcecode.c.objc; path = "UIScrollView+SURefresh.m"; sourceTree = "<group>"; };
		B12C8CF21D33B5BE00C392B3 /* UIView+SURefresh.h */ = {isa = PBXFileReference; fileEncoding = 4; lastKnownFileType = sourcecode.c.h; path = "UIView+SURefresh.h"; sourceTree = "<group>"; };
		B12C8CF31D33B5BE00C392B3 /* UIView+SURefresh.m */ = {isa = PBXFileReference; fileEncoding = 4; lastKnownFileType = sourcecode.c.objc; path = "UIView+SURefresh.m"; sourceTree = "<group>"; };
/* End PBXFileReference section */

/* Begin PBXFrameworksBuildPhase section */
		B12C8CD01D33B58200C392B3 /* Frameworks */ = {
			isa = PBXFrameworksBuildPhase;
			buildActionMask = 2147483647;
			files = (
			);
			runOnlyForDeploymentPostprocessing = 0;
		};
/* End PBXFrameworksBuildPhase section */

/* Begin PBXGroup section */
		B12C8CCA1D33B58200C392B3 = {
			isa = PBXGroup;
			children = (
				B12C8CD51D33B58400C392B3 /* SURefreshDemo */,
				B12C8CD41D33B58200C392B3 /* Products */,
			);
			sourceTree = "<group>";
		};
		B12C8CD41D33B58200C392B3 /* Products */ = {
			isa = PBXGroup;
			children = (
				B12C8CD31D33B58200C392B3 /* SURefreshDemo.app */,
			);
			name = Products;
			sourceTree = "<group>";
		};
		B12C8CD51D33B58400C392B3 /* SURefreshDemo */ = {
			isa = PBXGroup;
			children = (
				B12C8CED1D33B59E00C392B3 /* SURefresh */,
				B12C8CD91D33B58400C392B3 /* AppDelegate.h */,
				B12C8CDA1D33B58400C392B3 /* AppDelegate.m */,
				B12C8CDC1D33B58400C392B3 /* ViewController.h */,
				B12C8CDD1D33B58400C392B3 /* ViewController.m */,
				B12C8CDF1D33B58400C392B3 /* Main.storyboard */,
				B12C8CE21D33B58400C392B3 /* Assets.xcassets */,
				B12C8CE41D33B58400C392B3 /* LaunchScreen.storyboard */,
				B12C8CE71D33B58400C392B3 /* Info.plist */,
				B12C8CD61D33B58400C392B3 /* Supporting Files */,
			);
			path = SURefreshDemo;
			sourceTree = "<group>";
		};
		B12C8CD61D33B58400C392B3 /* Supporting Files */ = {
			isa = PBXGroup;
			children = (
				B12C8CD71D33B58400C392B3 /* main.m */,
			);
			name = "Supporting Files";
			sourceTree = "<group>";
		};
		B12C8CED1D33B59E00C392B3 /* SURefresh */ = {
			isa = PBXGroup;
			children = (
				B12C8CEE1D33B5BE00C392B3 /* SURefreshHeader.h */,
				B12C8CEF1D33B5BE00C392B3 /* SURefreshHeader.m */,
				B12C8CF01D33B5BE00C392B3 /* UIScrollView+SURefresh.h */,
				B12C8CF11D33B5BE00C392B3 /* UIScrollView+SURefresh.m */,
				B12C8CF21D33B5BE00C392B3 /* UIView+SURefresh.h */,
				B12C8CF31D33B5BE00C392B3 /* UIView+SURefresh.m */,
			);
			path = SURefresh;
			sourceTree = "<group>";
		};
/* End PBXGroup section */

/* Begin PBXNativeTarget section */
		B12C8CD21D33B58200C392B3 /* SURefreshDemo */ = {
			isa = PBXNativeTarget;
			buildConfigurationList = B12C8CEA1D33B58400C392B3 /* Build configuration list for PBXNativeTarget "SURefreshDemo" */;
			buildPhases = (
				B12C8CCF1D33B58200C392B3 /* Sources */,
				B12C8CD01D33B58200C392B3 /* Frameworks */,
				B12C8CD11D33B58200C392B3 /* Resources */,
			);
			buildRules = (
			);
			dependencies = (
			);
			name = SURefreshDemo;
			productName = SURefreshDemo;
			productReference = B12C8CD31D33B58200C392B3 /* SURefreshDemo.app */;
			productType = "com.apple.product-type.application";
		};
/* End PBXNativeTarget section */

/* Begin PBXProject section */
		B12C8CCB1D33B58200C392B3 /* Project object */ = {
			isa = PBXProject;
			attributes = {
				LastUpgradeCheck = 0730;
				ORGANIZATIONNAME = KevinSu;
				TargetAttributes = {
					B12C8CD21D33B58200C392B3 = {
						CreatedOnToolsVersion = 7.3.1;
					};
				};
			};
			buildConfigurationList = B12C8CCE1D33B58200C392B3 /* Build configuration list for PBXProject "SURefreshDemo" */;
			compatibilityVersion = "Xcode 3.2";
			developmentRegion = English;
			hasScannedForEncodings = 0;
			knownRegions = (
				en,
				Base,
			);
			mainGroup = B12C8CCA1D33B58200C392B3;
			productRefGroup = B12C8CD41D33B58200C392B3 /* Products */;
			projectDirPath = "";
			projectRoot = "";
			targets = (
				B12C8CD21D33B58200C392B3 /* SURefreshDemo */,
			);
		};
/* End PBXProject section */

/* Begin PBXResourcesBuildPhase section */
		B12C8CD11D33B58200C392B3 /* Resources */ = {
			isa = PBXResourcesBuildPhase;
			buildActionMask = 2147483647;
			files = (
				B12C8CE61D33B58400C392B3 /* LaunchScreen.storyboard in Resources */,
				B12C8CE31D33B58400C392B3 /* Assets.xcassets in Resources */,
				B12C8CE11D33B58400C392B3 /* Main.storyboard in Resources */,
			);
			runOnlyForDeploymentPostprocessing = 0;
		};
/* End PBXResourcesBuildPhase section */

/* Begin PBXSourcesBuildPhase section */
		B12C8CCF1D33B58200C392B3 /* Sources */ = {
			isa = PBXSourcesBuildPhase;
			buildActionMask = 2147483647;
			files = (
				B12C8CF61D33B5BE00C392B3 /* UIView+SURefresh.m in Sources */,
				B12C8CF41D33B5BE00C392B3 /* SURefreshHeader.m in Sources */,
				B12C8CDE1D33B58400C392B3 /* ViewController.m in Sources */,
				B12C8CF51D33B5BE00C392B3 /* UIScrollView+SURefresh.m in Sources */,
				B12C8CDB1D33B58400C392B3 /* AppDelegate.m in Sources */,
				B12C8CD81D33B58400C392B3 /* main.m in Sources */,
			);
			runOnlyForDeploymentPostprocessing = 0;
		};
/* End PBXSourcesBuildPhase section */

/* Begin PBXVariantGroup section */
		B12C8CDF1D33B58400C392B3 /* Main.storyboard */ = {
			isa = PBXVariantGroup;
			children = (
				B12C8CE01D33B58400C392B3 /* Base */,
			);
			name = Main.storyboard;
			sourceTree = "<group>";
		};
		B12C8CE41D33B58400C392B3 /* LaunchScreen.storyboard */ = {
			isa = PBXVariantGroup;
			children = (
				B12C8CE51D33B58400C392B3 /* Base */,
			);
			name = LaunchScreen.storyboard;
			sourceTree = "<group>";
		};
/* End PBXVariantGroup section */

/* Begin XCBuildConfiguration section */
		B12C8CE81D33B58400C392B3 /* Debug */ = {
			isa = XCBuildConfiguration;
			buildSettings = {
				ALWAYS_SEARCH_USER_PATHS = NO;
				CLANG_ANALYZER_NONNULL = YES;
				CLANG_CXX_LANGUAGE_STANDARD = "gnu++0x";
				CLANG_CXX_LIBRARY = "libc++";
				CLANG_ENABLE_MODULES = YES;
				CLANG_ENABLE_OBJC_ARC = YES;
				CLANG_WARN_BOOL_CONVERSION = YES;
				CLANG_WARN_CONSTANT_CONVERSION = YES;
				CLANG_WARN_DIRECT_OBJC_ISA_USAGE = YES_ERROR;
				CLANG_WARN_EMPTY_BODY = YES;
				CLANG_WARN_ENUM_CONVERSION = YES;
				CLANG_WARN_INT_CONVERSION = YES;
				CLANG_WARN_OBJC_ROOT_CLASS = YES_ERROR;
				CLANG_WARN_UNREACHABLE_CODE = YES;
				CLANG_WARN__DUPLICATE_METHOD_MATCH = YES;
				"CODE_SIGN_IDENTITY[sdk=iphoneos*]" = "iPhone Developer";
				COPY_PHASE_STRIP = NO;
				DEBUG_INFORMATION_FORMAT = dwarf;
				ENABLE_STRICT_OBJC_MSGSEND = YES;
				ENABLE_TESTABILITY = YES;
				GCC_C_LANGUAGE_STANDARD = gnu99;
				GCC_DYNAMIC_NO_PIC = NO;
				GCC_NO_COMMON_BLOCKS = YES;
				GCC_OPTIMIZATION_LEVEL = 0;
				GCC_PREPROCESSOR_DEFINITIONS = (
					"DEBUG=1",
					"$(inherited)",
				);
				GCC_WARN_64_TO_32_BIT_CONVERSION = YES;
				GCC_WARN_ABOUT_RETURN_TYPE = YES_ERROR;
				GCC_WARN_UNDECLARED_SELECTOR = YES;
				GCC_WARN_UNINITIALIZED_AUTOS = YES_AGGRESSIVE;
				GCC_WARN_UNUSED_FUNCTION = YES;
				GCC_WARN_UNUSED_VARIABLE = YES;
				IPHONEOS_DEPLOYMENT_TARGET = 9.3;
				MTL_ENABLE_DEBUG_INFO = YES;
				ONLY_ACTIVE_ARCH = YES;
				SDKROOT = iphoneos;
				TARGETED_DEVICE_FAMILY = "1,2";
			};
			name = Debug;
		};
		B12C8CE91D33B58400C392B3 /* Release */ = {
			isa = XCBuildConfiguration;
			buildSettings = {
				ALWAYS_SEARCH_USER_PATHS = NO;
				CLANG_ANALYZER_NONNULL = YES;
				CLANG_CXX_LANGUAGE_STANDARD = "gnu++0x";
				CLANG_CXX_LIBRARY = "libc++";
				CLANG_ENABLE_MODULES = YES;
				CLANG_ENABLE_OBJC_ARC = YES;
				CLANG_WARN_BOOL_CONVERSION = YES;
				CLANG_WARN_CONSTANT_CONVERSION = YES;
				CLANG_WARN_DIRECT_OBJC_ISA_USAGE = YES_ERROR;
				CLANG_WARN_EMPTY_BODY = YES;
				CLANG_WARN_ENUM_CONVERSION = YES;
				CLANG_WARN_INT_CONVERSION = YES;
				CLANG_WARN_OBJC_ROOT_CLASS = YES_ERROR;
				CLANG_WARN_UNREACHABLE_CODE = YES;
				CLANG_WARN__DUPLICATE_METHOD_MATCH = YES;
				"CODE_SIGN_IDENTITY[sdk=iphoneos*]" = "iPhone Developer";
				COPY_PHASE_STRIP = NO;
				DEBUG_INFORMATION_FORMAT = "dwarf-with-dsym";
				ENABLE_NS_ASSERTIONS = NO;
				ENABLE_STRICT_OBJC_MSGSEND = YES;
				GCC_C_LANGUAGE_STANDARD = gnu99;
				GCC_NO_COMMON_BLOCKS = YES;
				GCC_WARN_64_TO_32_BIT_CONVERSION = YES;
				GCC_WARN_ABOUT_RETURN_TYPE = YES_ERROR;
				GCC_WARN_UNDECLARED_SELECTOR = YES;
				GCC_WARN_UNINITIALIZED_AUTOS = YES_AGGRESSIVE;
				GCC_WARN_UNUSED_FUNCTION = YES;
				GCC_WARN_UNUSED_VARIABLE = YES;
				IPHONEOS_DEPLOYMENT_TARGET = 9.3;
				MTL_ENABLE_DEBUG_INFO = NO;
				SDKROOT = iphoneos;
				TARGETED_DEVICE_FAMILY = "1,2";
				VALIDATE_PRODUCT = YES;
			};
			name = Release;
		};
		B12C8CEB1D33B58400C392B3 /* Debug */ = {
			isa = XCBuildConfiguration;
			buildSettings = {
				ASSETCATALOG_COMPILER_APPICON_NAME = AppIcon;
				INFOPLIST_FILE = SURefreshDemo/Info.plist;
				LD_RUNPATH_SEARCH_PATHS = "$(inherited) @executable_path/Frameworks";
				PRODUCT_BUNDLE_IDENTIFIER = com.KevinSu.SURefresh;
				PRODUCT_NAME = "$(TARGET_NAME)";
			};
			name = Debug;
		};
		B12C8CEC1D33B58400C392B3 /* Release */ = {
			isa = XCBuildConfiguration;
			buildSettings = {
				ASSETCATALOG_COMPILER_APPICON_NAME = AppIcon;
				INFOPLIST_FILE = SURefreshDemo/Info.plist;
				LD_RUNPATH_SEARCH_PATHS = "$(inherited) @executable_path/Frameworks";
				PRODUCT_BUNDLE_IDENTIFIER = com.KevinSu.SURefresh;
				PRODUCT_NAME = "$(TARGET_NAME)";
			};
			name = Release;
		};
/* End XCBuildConfiguration section */

/* Begin XCConfigurationList section */
		B12C8CCE1D33B58200C392B3 /* Build configuration list for PBXProject "SURefreshDemo" */ = {
			isa = XCConfigurationList;
			buildConfigurations = (
				B12C8CE81D33B58400C392B3 /* Debug */,
				B12C8CE91D33B58400C392B3 /* Release */,
			);
			defaultConfigurationIsVisible = 0;
			defaultConfigurationName = Release;
		};
		B12C8CEA1D33B58400C392B3 /* Build configuration list for PBXNativeTarget "SURefreshDemo" */ = {
			isa = XCConfigurationList;
			buildConfigurations = (
				B12C8CEB1D33B58400C392B3 /* Debug */,
				B12C8CEC1D33B58400C392B3 /* Release */,
			);
			defaultConfigurationIsVisible = 0;
			defaultConfigurationName = Release;
		};
/* End XCConfigurationList section */
	};
	rootObject = B12C8CCB1D33B58200C392B3 /* Project object */;
}
